
Microsoft Visual Studio Solution File, Format Version 12.00
# Visual Studio Version 16
VisualStudioVersion = 16.0.29102.190
MinimumVisualStudioVersion = 10.0.40219.1
Project("{A07B5EB6-E848-4116-A8D0-A826331D98C6}") = "SFStateExplorer", "SFStateExplorer\SFStateExplorer.sfproj", "{D9263B69-5144-46A0-8EAF-6FECBD3E6DBC}"
EndProject
Project("{FAE04EC0-301F-11D3-BF4B-00C04F79EFBC}") = "SFQueryable", "SFQueryable\SFQueryable.csproj", "{4FB36C9A-FE10-41DC-8809-C4B6B8CE304B}"
EndProject
Project("{9A19103F-16F7-4668-BE54-9A1E7A4F7556}") = "StateExplorer", "StateExplorer\StateExplorer.csproj", "{8DAC4655-4592-4BEB-AD48-F4D7D63C77B8}"
EndProject
Project("{9A19103F-16F7-4668-BE54-9A1E7A4F7556}") = "TestStatefulService", "TestApp\TestStatefulService\TestStatefulService.csproj", "{E4542462-4D69-4CC1-800E-AA0D09B3623F}"
EndProject
Project("{A07B5EB6-E848-4116-A8D0-A826331D98C6}") = "TestSfApp", "TestApp\TestSfApp\TestSfApp.sfproj", "{25227366-2728-477A-8FB6-2887C21BCFA0}"
EndProject
Project("{FAE04EC0-301F-11D3-BF4B-00C04F79EFBC}") = "TestActor.Interfaces", "TestApp\TestActor.Interfaces\TestActor.Interfaces.csproj", "{B0BA5041-BE79-4FC3-AECB-4303B8AA3EED}"
EndProject
Project("{FAE04EC0-301F-11D3-BF4B-00C04F79EFBC}") = "TestActor", "TestApp\TestActor\TestActor.csproj", "{2584FE4A-7CE5-4F55-981C-3B012CAF90FA}"
EndProject
Global
	GlobalSection(SolutionConfigurationPlatforms) = preSolution
		Debug|Any CPU = Debug|Any CPU
		Debug|x64 = Debug|x64
		Release|Any CPU = Release|Any CPU
		Release|x64 = Release|x64
	EndGlobalSection
	GlobalSection(ProjectConfigurationPlatforms) = postSolution
		{D9263B69-5144-46A0-8EAF-6FECBD3E6DBC}.Debug|Any CPU.ActiveCfg = Debug|x64
		{D9263B69-5144-46A0-8EAF-6FECBD3E6DBC}.Debug|x64.ActiveCfg = Debug|x64
		{D9263B69-5144-46A0-8EAF-6FECBD3E6DBC}.Debug|x64.Build.0 = Debug|x64
		{D9263B69-5144-46A0-8EAF-6FECBD3E6DBC}.Debug|x64.Deploy.0 = Debug|x64
		{D9263B69-5144-46A0-8EAF-6FECBD3E6DBC}.Release|Any CPU.ActiveCfg = Release|x64
		{D9263B69-5144-46A0-8EAF-6FECBD3E6DBC}.Release|x64.ActiveCfg = Release|x64
		{D9263B69-5144-46A0-8EAF-6FECBD3E6DBC}.Release|x64.Build.0 = Release|x64
		{D9263B69-5144-46A0-8EAF-6FECBD3E6DBC}.Release|x64.Deploy.0 = Release|x64
		{4FB36C9A-FE10-41DC-8809-C4B6B8CE304B}.Debug|Any CPU.ActiveCfg = Debug|Any CPU
		{4FB36C9A-FE10-41DC-8809-C4B6B8CE304B}.Debug|Any CPU.Build.0 = Debug|Any CPU
		{4FB36C9A-FE10-41DC-8809-C4B6B8CE304B}.Debug|x64.ActiveCfg = Debug|Any CPU
		{4FB36C9A-FE10-41DC-8809-C4B6B8CE304B}.Debug|x64.Build.0 = Debug|Any CPU
		{4FB36C9A-FE10-41DC-8809-C4B6B8CE304B}.Release|Any CPU.ActiveCfg = Release|Any CPU
		{4FB36C9A-FE10-41DC-8809-C4B6B8CE304B}.Release|Any CPU.Build.0 = Release|Any CPU
		{4FB36C9A-FE10-41DC-8809-C4B6B8CE304B}.Release|x64.ActiveCfg = Release|Any CPU
		{4FB36C9A-FE10-41DC-8809-C4B6B8CE304B}.Release|x64.Build.0 = Release|Any CPU
		{8DAC4655-4592-4BEB-AD48-F4D7D63C77B8}.Debug|Any CPU.ActiveCfg = Debug|Any CPU
		{8DAC4655-4592-4BEB-AD48-F4D7D63C77B8}.Debug|Any CPU.Build.0 = Debug|Any CPU
		{8DAC4655-4592-4BEB-AD48-F4D7D63C77B8}.Debug|x64.ActiveCfg = Debug|Any CPU
		{8DAC4655-4592-4BEB-AD48-F4D7D63C77B8}.Debug|x64.Build.0 = Debug|Any CPU
		{8DAC4655-4592-4BEB-AD48-F4D7D63C77B8}.Release|Any CPU.ActiveCfg = Release|Any CPU
		{8DAC4655-4592-4BEB-AD48-F4D7D63C77B8}.Release|Any CPU.Build.0 = Release|Any CPU
		{8DAC4655-4592-4BEB-AD48-F4D7D63C77B8}.Release|x64.ActiveCfg = Release|Any CPU
		{8DAC4655-4592-4BEB-AD48-F4D7D63C77B8}.Release|x64.Build.0 = Release|Any CPU
		{E4542462-4D69-4CC1-800E-AA0D09B3623F}.Debug|Any CPU.ActiveCfg = Debug|Any CPU
		{E4542462-4D69-4CC1-800E-AA0D09B3623F}.Debug|Any CPU.Build.0 = Debug|Any CPU
		{E4542462-4D69-4CC1-800E-AA0D09B3623F}.Debug|x64.ActiveCfg = Debug|Any CPU
		{E4542462-4D69-4CC1-800E-AA0D09B3623F}.Debug|x64.Build.0 = Debug|Any CPU
		{E4542462-4D69-4CC1-800E-AA0D09B3623F}.Release|Any CPU.ActiveCfg = Release|Any CPU
		{E4542462-4D69-4CC1-800E-AA0D09B3623F}.Release|Any CPU.Build.0 = Release|Any CPU
		{E4542462-4D69-4CC1-800E-AA0D09B3623F}.Release|x64.ActiveCfg = Release|Any CPU
		{E4542462-4D69-4CC1-800E-AA0D09B3623F}.Release|x64.Build.0 = Release|Any CPU
		{25227366-2728-477A-8FB6-2887C21BCFA0}.Debug|Any CPU.ActiveCfg = Debug|x64
		{25227366-2728-477A-8FB6-2887C21BCFA0}.Debug|x64.ActiveCfg = Debug|x64
		{25227366-2728-477A-8FB6-2887C21BCFA0}.Debug|x64.Build.0 = Debug|x64
		{25227366-2728-477A-8FB6-2887C21BCFA0}.Debug|x64.Deploy.0 = Debug|x64
		{25227366-2728-477A-8FB6-2887C21BCFA0}.Release|Any CPU.ActiveCfg = Release|x64
		{25227366-2728-477A-8FB6-2887C21BCFA0}.Release|x64.ActiveCfg = Release|x64
		{25227366-2728-477A-8FB6-2887C21BCFA0}.Release|x64.Build.0 = Release|x64
		{25227366-2728-477A-8FB6-2887C21BCFA0}.Release|x64.Deploy.0 = Release|x64
		{B0BA5041-BE79-4FC3-AECB-4303B8AA3EED}.Debug|Any CPU.ActiveCfg = Debug|x64
		{B0BA5041-BE79-4FC3-AECB-4303B8AA3EED}.Debug|x64.ActiveCfg = Debug|x64
		{B0BA5041-BE79-4FC3-AECB-4303B8AA3EED}.Debug|x64.Build.0 = Debug|x64
		{B0BA5041-BE79-4FC3-AECB-4303B8AA3EED}.Release|Any CPU.ActiveCfg = Release|x64
		{B0BA5041-BE79-4FC3-AECB-4303B8AA3EED}.Release|x64.ActiveCfg = Release|x64
		{B0BA5041-BE79-4FC3-AECB-4303B8AA3EED}.Release|x64.Build.0 = Release|x64
		{2584FE4A-7CE5-4F55-981C-3B012CAF90FA}.Debug|Any CPU.ActiveCfg = Debug|x64
		{2584FE4A-7CE5-4F55-981C-3B012CAF90FA}.Debug|x64.ActiveCfg = Debug|x64
		{2584FE4A-7CE5-4F55-981C-3B012CAF90FA}.Debug|x64.Build.0 = Debug|x64
		{2584FE4A-7CE5-4F55-981C-3B012CAF90FA}.Release|Any CPU.ActiveCfg = Release|x64
		{2584FE4A-7CE5-4F55-981C-3B012CAF90FA}.Release|x64.ActiveCfg = Release|x64
		{2584FE4A-7CE5-4F55-981C-3B012CAF90FA}.Release|x64.Build.0 = Release|x64
	EndGlobalSection
	GlobalSection(SolutionProperties) = preSolution
		HideSolutionNode = FALSE
	EndGlobalSection
	GlobalSection(ExtensibilityGlobals) = postSolution
		SolutionGuid = {D266D023-262F-4DC0-BDBB-A0A493497DE1}
	EndGlobalSection
EndGlobal
