
Microsoft Visual Studio Solution File, Format Version 12.00
# Visual Studio Version 16
VisualStudioVersion = 16.0.29102.190
MinimumVisualStudioVersion = 10.0.40219.1
Project("{A07B5EB6-E848-4116-A8D0-A826331D98C6}") = "SFStateExplorer", "SFStateExplorer\SFStateExplorer.sfproj", "{D9263B69-5144-46A0-8EAF-6FECBD3E6DBC}"
EndProject
Project("{FAE04EC0-301F-11D3-BF4B-00C04F79EFBC}") = "StateExplorer", "StateExplorer\StateExplorer.csproj", "{9F75E3BD-52F8-4F70-BF61-2B9285434F43}"
EndProject
Project("{FAE04EC0-301F-11D3-BF4B-00C04F79EFBC}") = "SFQueryable", "SFQueryable\SFQueryable.csproj", "{4FB36C9A-FE10-41DC-8809-C4B6B8CE304B}"
EndProject
Global
	GlobalSection(SolutionConfigurationPlatforms) = preSolution
		Debug|Any CPU = Debug|Any CPU
		Debug|x64 = Debug|x64
		Release|Any CPU = Release|Any CPU
		Release|x64 = Release|x64
	EndGlobalSection
	GlobalSection(ProjectConfigurationPlatforms) = postSolution
		{D9263B69-5144-46A0-8EAF-6FECBD3E6DBC}.Debug|Any CPU.ActiveCfg = Debug|x64
		{D9263B69-5144-46A0-8EAF-6FECBD3E6DBC}.Debug|x64.ActiveCfg = Debug|x64
		{D9263B69-5144-46A0-8EAF-6FECBD3E6DBC}.Debug|x64.Build.0 = Debug|x64
		{D9263B69-5144-46A0-8EAF-6FECBD3E6DBC}.Debug|x64.Deploy.0 = Debug|x64
		{D9263B69-5144-46A0-8EAF-6FECBD3E6DBC}.Release|Any CPU.ActiveCfg = Release|x64
		{D9263B69-5144-46A0-8EAF-6FECBD3E6DBC}.Release|x64.ActiveCfg = Release|x64
		{D9263B69-5144-46A0-8EAF-6FECBD3E6DBC}.Release|x64.Build.0 = Release|x64
		{D9263B69-5144-46A0-8EAF-6FECBD3E6DBC}.Release|x64.Deploy.0 = Release|x64
		{9F75E3BD-52F8-4F70-BF61-2B9285434F43}.Debug|Any CPU.ActiveCfg = Debug|x64
		{9F75E3BD-52F8-4F70-BF61-2B9285434F43}.Debug|x64.ActiveCfg = Debug|x64
		{9F75E3BD-52F8-4F70-BF61-2B9285434F43}.Debug|x64.Build.0 = Debug|x64
		{9F75E3BD-52F8-4F70-BF61-2B9285434F43}.Release|Any CPU.ActiveCfg = Release|x64
		{9F75E3BD-52F8-4F70-BF61-2B9285434F43}.Release|x64.ActiveCfg = Release|x64
		{9F75E3BD-52F8-4F70-BF61-2B9285434F43}.Release|x64.Build.0 = Release|x64
		{4FB36C9A-FE10-41DC-8809-C4B6B8CE304B}.Debug|Any CPU.ActiveCfg = Debug|Any CPU
		{4FB36C9A-FE10-41DC-8809-C4B6B8CE304B}.Debug|Any CPU.Build.0 = Debug|Any CPU
		{4FB36C9A-FE10-41DC-8809-C4B6B8CE304B}.Debug|x64.ActiveCfg = Debug|Any CPU
		{4FB36C9A-FE10-41DC-8809-C4B6B8CE304B}.Debug|x64.Build.0 = Debug|Any CPU
		{4FB36C9A-FE10-41DC-8809-C4B6B8CE304B}.Release|Any CPU.ActiveCfg = Release|Any CPU
		{4FB36C9A-FE10-41DC-8809-C4B6B8CE304B}.Release|Any CPU.Build.0 = Release|Any CPU
		{4FB36C9A-FE10-41DC-8809-C4B6B8CE304B}.Release|x64.ActiveCfg = Release|Any CPU
		{4FB36C9A-FE10-41DC-8809-C4B6B8CE304B}.Release|x64.Build.0 = Release|Any CPU
	EndGlobalSection
	GlobalSection(SolutionProperties) = preSolution
		HideSolutionNode = FALSE
	EndGlobalSection
	GlobalSection(ExtensibilityGlobals) = postSolution
		SolutionGuid = {D266D023-262F-4DC0-BDBB-A0A493497DE1}
	EndGlobalSection
EndGlobal
