
Microsoft Visual Studio Solution File, Format Version 12.00
# Visual Studio 15
VisualStudioVersion = 15.0.28307.572
MinimumVisualStudioVersion = 10.0.40219.1
Project("{FAE04EC0-301F-11D3-BF4B-00C04F79EFBC}") = "SFExplorer", "SFExplorer\SFExplorer.csproj", "{572E5023-18E6-47A9-9B6B-1E8EA691551C}"
EndProject
Global
	GlobalSection(SolutionConfigurationPlatforms) = preSolution
		Debug|Any CPU = Debug|Any CPU
		Release|Any CPU = Release|Any CPU
	EndGlobalSection
	GlobalSection(ProjectConfigurationPlatforms) = postSolution
		{572E5023-18E6-47A9-9B6B-1E8EA691551C}.Debug|Any CPU.ActiveCfg = Debug|Any CPU
		{572E5023-18E6-47A9-9B6B-1E8EA691551C}.Debug|Any CPU.Build.0 = Debug|Any CPU
		{572E5023-18E6-47A9-9B6B-1E8EA691551C}.Release|Any CPU.ActiveCfg = Release|Any CPU
		{572E5023-18E6-47A9-9B6B-1E8EA691551C}.Release|Any CPU.Build.0 = Release|Any CPU
	EndGlobalSection
	GlobalSection(SolutionProperties) = preSolution
		HideSolutionNode = FALSE
	EndGlobalSection
	GlobalSection(ExtensibilityGlobals) = postSolution
		SolutionGuid = {51E65B3F-AC68-44DA-BC23-6F3C1DE4AE30}
	EndGlobalSection
EndGlobal
